
Microsoft Visual Studio Solution File, Format Version 12.00
Project("{FAE04EC0-301F-11D3-BF4B-00C04F79EFBC}") = "CSharp", "CSharp\CSharp.csproj", "{75FC742D-649F-4323-8E01-390CDEAEE5AE}"
EndProject
Project("{FAE04EC0-301F-11D3-BF4B-00C04F79EFBC}") = "Test", "Test\Test.csproj", "{7694BF53-D9BE-4A92-B9CF-E83331380A1E}"
EndProject
Project("{FAE04EC0-301F-11D3-BF4B-00C04F79EFBC}") = "Quiz", "Quiz\Quiz.csproj", "{3E36540A-9B0D-4639-9218-93DE1D6BC741}"
EndProject
Global
	GlobalSection(SolutionConfigurationPlatforms) = preSolution
		Debug|Any CPU = Debug|Any CPU
		Release|Any CPU = Release|Any CPU
	EndGlobalSection
	GlobalSection(ProjectConfigurationPlatforms) = postSolution
		{75FC742D-649F-4323-8E01-390CDEAEE5AE}.Debug|Any CPU.ActiveCfg = Debug|Any CPU
		{75FC742D-649F-4323-8E01-390CDEAEE5AE}.Debug|Any CPU.Build.0 = Debug|Any CPU
		{75FC742D-649F-4323-8E01-390CDEAEE5AE}.Release|Any CPU.ActiveCfg = Release|Any CPU
		{75FC742D-649F-4323-8E01-390CDEAEE5AE}.Release|Any CPU.Build.0 = Release|Any CPU
		{7694BF53-D9BE-4A92-B9CF-E83331380A1E}.Debug|Any CPU.ActiveCfg = Debug|Any CPU
		{7694BF53-D9BE-4A92-B9CF-E83331380A1E}.Debug|Any CPU.Build.0 = Debug|Any CPU
		{7694BF53-D9BE-4A92-B9CF-E83331380A1E}.Release|Any CPU.ActiveCfg = Release|Any CPU
		{7694BF53-D9BE-4A92-B9CF-E83331380A1E}.Release|Any CPU.Build.0 = Release|Any CPU
		{3E36540A-9B0D-4639-9218-93DE1D6BC741}.Debug|Any CPU.ActiveCfg = Debug|Any CPU
		{3E36540A-9B0D-4639-9218-93DE1D6BC741}.Debug|Any CPU.Build.0 = Debug|Any CPU
		{3E36540A-9B0D-4639-9218-93DE1D6BC741}.Release|Any CPU.ActiveCfg = Release|Any CPU
		{3E36540A-9B0D-4639-9218-93DE1D6BC741}.Release|Any CPU.Build.0 = Release|Any CPU
	EndGlobalSection
EndGlobal
